
Microsoft Visual Studio Solution File, Format Version 12.00
# Visual Studio Version 17
VisualStudioVersion = 17.14.36616.10 d17.14
MinimumVisualStudioVersion = 10.0.40219.1
Project("{FAE04EC0-301F-11D3-BF4B-00C04F79EFBC}") = "T2", "T2\T2.csproj", "{32FD3BEB-2FB6-4A8B-942E-D308F30EA689}"
EndProject
Global
	GlobalSection(SolutionConfigurationPlatforms) = preSolution
		Debug|Any CPU = Debug|Any CPU
		Release|Any CPU = Release|Any CPU
	EndGlobalSection
	GlobalSection(ProjectConfigurationPlatforms) = postSolution
		{32FD3BEB-2FB6-4A8B-942E-D308F30EA689}.Debug|Any CPU.ActiveCfg = Debug|Any CPU
		{32FD3BEB-2FB6-4A8B-942E-D308F30EA689}.Debug|Any CPU.Build.0 = Debug|Any CPU
		{32FD3BEB-2FB6-4A8B-942E-D308F30EA689}.Release|Any CPU.ActiveCfg = Release|Any CPU
		{32FD3BEB-2FB6-4A8B-942E-D308F30EA689}.Release|Any CPU.Build.0 = Release|Any CPU
	EndGlobalSection
	GlobalSection(SolutionProperties) = preSolution
		HideSolutionNode = FALSE
	EndGlobalSection
	GlobalSection(ExtensibilityGlobals) = postSolution
		SolutionGuid = {A9FA96BD-9F22-436F-876B-C8A28F6D12B2}
	EndGlobalSection
EndGlobal
